// !$*UTF8*$!
{
	archiveVersion = 1;
	classes = {
	};
	objectVersion = 46;
	objects = {

/* Begin PBXBuildFile section */
		100F12A31CE07CED007ECE25 /* IPPhotoEditViewController.swift in Sources */ = {isa = PBXBuildFile; fileRef = 100F12A21CE07CED007ECE25 /* IPPhotoEditViewController.swift */; };
		101530701CDE6C5000C82413 /* LaunchScreen.storyboard in Resources */ = {isa = PBXBuildFile; fileRef = 1015306E1CDE6C5000C82413 /* LaunchScreen.storyboard */; };
		101530711CDE6C5000C82413 /* Main.storyboard in Resources */ = {isa = PBXBuildFile; fileRef = 1015306F1CDE6C5000C82413 /* Main.storyboard */; };
		101530731CDE6C8200C82413 /* Photo.storyboard in Resources */ = {isa = PBXBuildFile; fileRef = 101530721CDE6C8200C82413 /* Photo.storyboard */; };
		101530751CDE6CA800C82413 /* StoryBoardManager.swift in Sources */ = {isa = PBXBuildFile; fileRef = 101530741CDE6CA800C82413 /* StoryBoardManager.swift */; };
		1015307A1CDE705900C82413 /* HomeViewController.swift in Sources */ = {isa = PBXBuildFile; fileRef = 101530791CDE705900C82413 /* HomeViewController.swift */; };
		107F0F941CDD9F4F00D71814 /* AppDelegate.swift in Sources */ = {isa = PBXBuildFile; fileRef = 107F0F931CDD9F4F00D71814 /* AppDelegate.swift */; };
		107F0F9B1CDD9F4F00D71814 /* Assets.xcassets in Resources */ = {isa = PBXBuildFile; fileRef = 107F0F9A1CDD9F4F00D71814 /* Assets.xcassets */; };
		107F0FA91CDD9F5000D71814 /* iPhotoTests.swift in Sources */ = {isa = PBXBuildFile; fileRef = 107F0FA81CDD9F5000D71814 /* iPhotoTests.swift */; };
		107F0FB41CDD9F5000D71814 /* iPhotoUITests.swift in Sources */ = {isa = PBXBuildFile; fileRef = 107F0FB31CDD9F5000D71814 /* iPhotoUITests.swift */; };
		107F0FD51CDE2D7A00D71814 /* CoreMedia.framework in Frameworks */ = {isa = PBXBuildFile; fileRef = 107F0FD41CDE2D7A00D71814 /* CoreMedia.framework */; };
		107F0FD71CDE2D8200D71814 /* CoreVideo.framework in Frameworks */ = {isa = PBXBuildFile; fileRef = 107F0FD61CDE2D8200D71814 /* CoreVideo.framework */; };
		107F0FD91CDE2D8B00D71814 /* OpenGLES.framework in Frameworks */ = {isa = PBXBuildFile; fileRef = 107F0FD81CDE2D8B00D71814 /* OpenGLES.framework */; };
		107F0FDB1CDE2D9500D71814 /* AVFoundation.framework in Frameworks */ = {isa = PBXBuildFile; fileRef = 107F0FDA1CDE2D9500D71814 /* AVFoundation.framework */; };
		107F0FDD1CDE2D9C00D71814 /* QuartzCore.framework in Frameworks */ = {isa = PBXBuildFile; fileRef = 107F0FDC1CDE2D9C00D71814 /* QuartzCore.framework */; };
		10B1B2EE1CE65D0500F41F5A /* IPhotoCollageViewController.swift in Sources */ = {isa = PBXBuildFile; fileRef = 10B1B2ED1CE65D0500F41F5A /* IPhotoCollageViewController.swift */; };
		10B1B30D1CE75F1800F41F5A /* IPImageAdjustment.swift in Sources */ = {isa = PBXBuildFile; fileRef = 10B1B2F31CE75F1800F41F5A /* IPImageAdjustment.swift */; };
		10B1B30E1CE75F1800F41F5A /* IOAssetPhotoCell.swift in Sources */ = {isa = PBXBuildFile; fileRef = 10B1B2F71CE75F1800F41F5A /* IOAssetPhotoCell.swift */; };
		10B1B30F1CE75F1800F41F5A /* IOAssetPhotoCell.xib in Resources */ = {isa = PBXBuildFile; fileRef = 10B1B2F81CE75F1800F41F5A /* IOAssetPhotoCell.xib */; };
		10B1B3101CE75F1800F41F5A /* IOAssetPhotoEmptyView.swift in Sources */ = {isa = PBXBuildFile; fileRef = 10B1B2F91CE75F1800F41F5A /* IOAssetPhotoEmptyView.swift */; };
		10B1B3111CE75F1800F41F5A /* IOAssetPhotoEmptyView.xib in Resources */ = {isa = PBXBuildFile; fileRef = 10B1B2FA1CE75F1800F41F5A /* IOAssetPhotoEmptyView.xib */; };
		10B1B3121CE75F1800F41F5A /* IOAssetPhotoNavigationController.swift in Sources */ = {isa = PBXBuildFile; fileRef = 10B1B2FB1CE75F1800F41F5A /* IOAssetPhotoNavigationController.swift */; };
		10B1B3131CE75F1800F41F5A /* IOAssetPhotoViewController.swift in Sources */ = {isa = PBXBuildFile; fileRef = 10B1B2FC1CE75F1800F41F5A /* IOAssetPhotoViewController.swift */; };
		10B1B3141CE75F1800F41F5A /* IOMenuCell.swift in Sources */ = {isa = PBXBuildFile; fileRef = 10B1B2FD1CE75F1800F41F5A /* IOMenuCell.swift */; };
		10B1B3151CE75F1800F41F5A /* IOMenuNavigationController.swift in Sources */ = {isa = PBXBuildFile; fileRef = 10B1B2FE1CE75F1800F41F5A /* IOMenuNavigationController.swift */; };
		10B1B3161CE75F1800F41F5A /* IOMenuViewController.swift in Sources */ = {isa = PBXBuildFile; fileRef = 10B1B2FF1CE75F1800F41F5A /* IOMenuViewController.swift */; };
		10B1B3171CE75F1800F41F5A /* IPActionAdjustment.swift in Sources */ = {isa = PBXBuildFile; fileRef = 10B1B3011CE75F1800F41F5A /* IPActionAdjustment.swift */; };
		10B1B3181CE75F1800F41F5A /* IPActionAdjustment.xib in Resources */ = {isa = PBXBuildFile; fileRef = 10B1B3021CE75F1800F41F5A /* IPActionAdjustment.xib */; };
		10B1B3191CE75F1800F41F5A /* IPActionAdjustmentCell.swift in Sources */ = {isa = PBXBuildFile; fileRef = 10B1B3031CE75F1800F41F5A /* IPActionAdjustmentCell.swift */; };
		10B1B31A1CE75F1800F41F5A /* IPActionAdjustmentCell.xib in Resources */ = {isa = PBXBuildFile; fileRef = 10B1B3041CE75F1800F41F5A /* IPActionAdjustmentCell.xib */; };
		10B1B31B1CE75F1800F41F5A /* IPhotoCollageManager.swift in Sources */ = {isa = PBXBuildFile; fileRef = 10B1B3061CE75F1800F41F5A /* IPhotoCollageManager.swift */; };
		10B1B31C1CE75F1800F41F5A /* PhotoCollage.json in Resources */ = {isa = PBXBuildFile; fileRef = 10B1B3071CE75F1800F41F5A /* PhotoCollage.json */; };
		10B1B31D1CE75F1800F41F5A /* IPAnimation.swift in Sources */ = {isa = PBXBuildFile; fileRef = 10B1B3091CE75F1800F41F5A /* IPAnimation.swift */; };
		10B1B31E1CE75F1800F41F5A /* IPhotoSliderView.swift in Sources */ = {isa = PBXBuildFile; fileRef = 10B1B30A1CE75F1800F41F5A /* IPhotoSliderView.swift */; };
		10B1B31F1CE75F1800F41F5A /* IPhotoSliderView.xib in Resources */ = {isa = PBXBuildFile; fileRef = 10B1B30B1CE75F1800F41F5A /* IPhotoSliderView.xib */; };
		10B1B3201CE75F1800F41F5A /* IPSlider.swift in Sources */ = {isa = PBXBuildFile; fileRef = 10B1B30C1CE75F1800F41F5A /* IPSlider.swift */; };
		10B1B3241CE7B26000F41F5A /* HomeRouting.swift in Sources */ = {isa = PBXBuildFile; fileRef = 10B1B3231CE7B26000F41F5A /* HomeRouting.swift */; };
		10B1B3321CE900E000F41F5A /* IPhotoCollageLayoutListView.swift in Sources */ = {isa = PBXBuildFile; fileRef = 10B1B3311CE900E000F41F5A /* IPhotoCollageLayoutListView.swift */; };
		10B1B3341CE900E800F41F5A /* IPhotoCollageLayoutListView.xib in Resources */ = {isa = PBXBuildFile; fileRef = 10B1B3331CE900E800F41F5A /* IPhotoCollageLayoutListView.xib */; };
		10B1B3371CE9015100F41F5A /* IPhotoCollageLayoutCell.swift in Sources */ = {isa = PBXBuildFile; fileRef = 10B1B3351CE9015100F41F5A /* IPhotoCollageLayoutCell.swift */; };
		10B1B3381CE9015100F41F5A /* IPhotoCollageLayoutCell.xib in Resources */ = {isa = PBXBuildFile; fileRef = 10B1B3361CE9015100F41F5A /* IPhotoCollageLayoutCell.xib */; };
		10B1B3651CEA4D5200F41F5A /* IPhotoCollageMainLayoutView.swift in Sources */ = {isa = PBXBuildFile; fileRef = 10B1B3641CEA4D5200F41F5A /* IPhotoCollageMainLayoutView.swift */; };
		10B1B3671CEA4D5B00F41F5A /* IPhotoCollageMainLayoutView.xib in Resources */ = {isa = PBXBuildFile; fileRef = 10B1B3661CEA4D5B00F41F5A /* IPhotoCollageMainLayoutView.xib */; };
		10B1B36A1CEA4DDC00F41F5A /* IPhotoCollageMainLayoutCell.swift in Sources */ = {isa = PBXBuildFile; fileRef = 10B1B3681CEA4DDC00F41F5A /* IPhotoCollageMainLayoutCell.swift */; };
		10B1B36B1CEA4DDC00F41F5A /* IPhotoCollageMainLayoutCell.xib in Resources */ = {isa = PBXBuildFile; fileRef = 10B1B3691CEA4DDC00F41F5A /* IPhotoCollageMainLayoutCell.xib */; };
		10B1B36D1CEAB30000F41F5A /* IPaddingSliderView.swift in Sources */ = {isa = PBXBuildFile; fileRef = 10B1B36C1CEAB30000F41F5A /* IPaddingSliderView.swift */; };
		10B1B3701CEAB31B00F41F5A /* IPaddingSliderView.xib in Resources */ = {isa = PBXBuildFile; fileRef = 10B1B36F1CEAB31B00F41F5A /* IPaddingSliderView.xib */; };
		10B1B3B21CEB559700F41F5A /* AJFCollectionViewWaterfallLayout.m in Sources */ = {isa = PBXBuildFile; fileRef = 10B1B3B01CEB559700F41F5A /* AJFCollectionViewWaterfallLayout.m */; };
		13574242B18AE1DCBCFD845E /* Pods_iPhoto.framework in Frameworks */ = {isa = PBXBuildFile; fileRef = 74E9F89D73133F76458D4812 /* Pods_iPhoto.framework */; };
/* End PBXBuildFile section */

/* Begin PBXContainerItemProxy section */
		107F0FA51CDD9F5000D71814 /* PBXContainerItemProxy */ = {
			isa = PBXContainerItemProxy;
			containerPortal = 107F0F881CDD9F4F00D71814 /* Project object */;
			proxyType = 1;
			remoteGlobalIDString = 107F0F8F1CDD9F4F00D71814;
			remoteInfo = iPhoto;
		};
		107F0FB01CDD9F5000D71814 /* PBXContainerItemProxy */ = {
			isa = PBXContainerItemProxy;
			containerPortal = 107F0F881CDD9F4F00D71814 /* Project object */;
			proxyType = 1;
			remoteGlobalIDString = 107F0F8F1CDD9F4F00D71814;
			remoteInfo = iPhoto;
		};
/* End PBXContainerItemProxy section */

/* Begin PBXFileReference section */
		100F12A21CE07CED007ECE25 /* IPPhotoEditViewController.swift */ = {isa = PBXFileReference; fileEncoding = 4; lastKnownFileType = sourcecode.swift; path = IPPhotoEditViewController.swift; sourceTree = "<group>"; };
		1015306E1CDE6C5000C82413 /* LaunchScreen.storyboard */ = {isa = PBXFileReference; fileEncoding = 4; lastKnownFileType = file.storyboard; path = LaunchScreen.storyboard; sourceTree = "<group>"; };
		1015306F1CDE6C5000C82413 /* Main.storyboard */ = {isa = PBXFileReference; fileEncoding = 4; lastKnownFileType = file.storyboard; path = Main.storyboard; sourceTree = "<group>"; };
		101530721CDE6C8200C82413 /* Photo.storyboard */ = {isa = PBXFileReference; fileEncoding = 4; lastKnownFileType = file.storyboard; path = Photo.storyboard; sourceTree = "<group>"; };
		101530741CDE6CA800C82413 /* StoryBoardManager.swift */ = {isa = PBXFileReference; fileEncoding = 4; lastKnownFileType = sourcecode.swift; path = StoryBoardManager.swift; sourceTree = "<group>"; };
		101530791CDE705900C82413 /* HomeViewController.swift */ = {isa = PBXFileReference; fileEncoding = 4; lastKnownFileType = sourcecode.swift; path = HomeViewController.swift; sourceTree = "<group>"; };
		107F0F901CDD9F4F00D71814 /* iPhoto.app */ = {isa = PBXFileReference; explicitFileType = wrapper.application; includeInIndex = 0; path = iPhoto.app; sourceTree = BUILT_PRODUCTS_DIR; };
		107F0F931CDD9F4F00D71814 /* AppDelegate.swift */ = {isa = PBXFileReference; lastKnownFileType = sourcecode.swift; path = AppDelegate.swift; sourceTree = "<group>"; };
		107F0F9A1CDD9F4F00D71814 /* Assets.xcassets */ = {isa = PBXFileReference; lastKnownFileType = folder.assetcatalog; path = Assets.xcassets; sourceTree = "<group>"; };
		107F0F9F1CDD9F4F00D71814 /* Info.plist */ = {isa = PBXFileReference; lastKnownFileType = text.plist.xml; path = Info.plist; sourceTree = "<group>"; };
		107F0FA41CDD9F5000D71814 /* iPhotoTests.xctest */ = {isa = PBXFileReference; explicitFileType = wrapper.cfbundle; includeInIndex = 0; path = iPhotoTests.xctest; sourceTree = BUILT_PRODUCTS_DIR; };
		107F0FA81CDD9F5000D71814 /* iPhotoTests.swift */ = {isa = PBXFileReference; lastKnownFileType = sourcecode.swift; path = iPhotoTests.swift; sourceTree = "<group>"; };
		107F0FAA1CDD9F5000D71814 /* Info.plist */ = {isa = PBXFileReference; lastKnownFileType = text.plist.xml; path = Info.plist; sourceTree = "<group>"; };
		107F0FAF1CDD9F5000D71814 /* iPhotoUITests.xctest */ = {isa = PBXFileReference; explicitFileType = wrapper.cfbundle; includeInIndex = 0; path = iPhotoUITests.xctest; sourceTree = BUILT_PRODUCTS_DIR; };
		107F0FB31CDD9F5000D71814 /* iPhotoUITests.swift */ = {isa = PBXFileReference; lastKnownFileType = sourcecode.swift; path = iPhotoUITests.swift; sourceTree = "<group>"; };
		107F0FB51CDD9F5000D71814 /* Info.plist */ = {isa = PBXFileReference; lastKnownFileType = text.plist.xml; path = Info.plist; sourceTree = "<group>"; };
		107F0FD41CDE2D7A00D71814 /* CoreMedia.framework */ = {isa = PBXFileReference; lastKnownFileType = wrapper.framework; name = CoreMedia.framework; path = System/Library/Frameworks/CoreMedia.framework; sourceTree = SDKROOT; };
		107F0FD61CDE2D8200D71814 /* CoreVideo.framework */ = {isa = PBXFileReference; lastKnownFileType = wrapper.framework; name = CoreVideo.framework; path = System/Library/Frameworks/CoreVideo.framework; sourceTree = SDKROOT; };
		107F0FD81CDE2D8B00D71814 /* OpenGLES.framework */ = {isa = PBXFileReference; lastKnownFileType = wrapper.framework; name = OpenGLES.framework; path = System/Library/Frameworks/OpenGLES.framework; sourceTree = SDKROOT; };
		107F0FDA1CDE2D9500D71814 /* AVFoundation.framework */ = {isa = PBXFileReference; lastKnownFileType = wrapper.framework; name = AVFoundation.framework; path = System/Library/Frameworks/AVFoundation.framework; sourceTree = SDKROOT; };
		107F0FDC1CDE2D9C00D71814 /* QuartzCore.framework */ = {isa = PBXFileReference; lastKnownFileType = wrapper.framework; name = QuartzCore.framework; path = System/Library/Frameworks/QuartzCore.framework; sourceTree = SDKROOT; };
		107F0FE11CDE3BE600D71814 /* iPhoto-Bridging-Header.h */ = {isa = PBXFileReference; lastKnownFileType = sourcecode.c.h; path = "iPhoto-Bridging-Header.h"; sourceTree = SOURCE_ROOT; };
		10B1B2ED1CE65D0500F41F5A /* IPhotoCollageViewController.swift */ = {isa = PBXFileReference; fileEncoding = 4; lastKnownFileType = sourcecode.swift; path = IPhotoCollageViewController.swift; sourceTree = "<group>"; };
		10B1B2F31CE75F1800F41F5A /* IPImageAdjustment.swift */ = {isa = PBXFileReference; fileEncoding = 4; lastKnownFileType = sourcecode.swift; path = IPImageAdjustment.swift; sourceTree = "<group>"; };
		10B1B2F71CE75F1800F41F5A /* IOAssetPhotoCell.swift */ = {isa = PBXFileReference; fileEncoding = 4; lastKnownFileType = sourcecode.swift; path = IOAssetPhotoCell.swift; sourceTree = "<group>"; };
		10B1B2F81CE75F1800F41F5A /* IOAssetPhotoCell.xib */ = {isa = PBXFileReference; fileEncoding = 4; lastKnownFileType = file.xib; path = IOAssetPhotoCell.xib; sourceTree = "<group>"; };
		10B1B2F91CE75F1800F41F5A /* IOAssetPhotoEmptyView.swift */ = {isa = PBXFileReference; fileEncoding = 4; lastKnownFileType = sourcecode.swift; path = IOAssetPhotoEmptyView.swift; sourceTree = "<group>"; };
		10B1B2FA1CE75F1800F41F5A /* IOAssetPhotoEmptyView.xib */ = {isa = PBXFileReference; fileEncoding = 4; lastKnownFileType = file.xib; path = IOAssetPhotoEmptyView.xib; sourceTree = "<group>"; };
		10B1B2FB1CE75F1800F41F5A /* IOAssetPhotoNavigationController.swift */ = {isa = PBXFileReference; fileEncoding = 4; lastKnownFileType = sourcecode.swift; path = IOAssetPhotoNavigationController.swift; sourceTree = "<group>"; };
		10B1B2FC1CE75F1800F41F5A /* IOAssetPhotoViewController.swift */ = {isa = PBXFileReference; fileEncoding = 4; lastKnownFileType = sourcecode.swift; path = IOAssetPhotoViewController.swift; sourceTree = "<group>"; };
		10B1B2FD1CE75F1800F41F5A /* IOMenuCell.swift */ = {isa = PBXFileReference; fileEncoding = 4; lastKnownFileType = sourcecode.swift; path = IOMenuCell.swift; sourceTree = "<group>"; };
		10B1B2FE1CE75F1800F41F5A /* IOMenuNavigationController.swift */ = {isa = PBXFileReference; fileEncoding = 4; lastKnownFileType = sourcecode.swift; path = IOMenuNavigationController.swift; sourceTree = "<group>"; };
		10B1B2FF1CE75F1800F41F5A /* IOMenuViewController.swift */ = {isa = PBXFileReference; fileEncoding = 4; lastKnownFileType = sourcecode.swift; path = IOMenuViewController.swift; sourceTree = "<group>"; };
		10B1B3011CE75F1800F41F5A /* IPActionAdjustment.swift */ = {isa = PBXFileReference; fileEncoding = 4; lastKnownFileType = sourcecode.swift; path = IPActionAdjustment.swift; sourceTree = "<group>"; };
		10B1B3021CE75F1800F41F5A /* IPActionAdjustment.xib */ = {isa = PBXFileReference; fileEncoding = 4; lastKnownFileType = file.xib; path = IPActionAdjustment.xib; sourceTree = "<group>"; };
		10B1B3031CE75F1800F41F5A /* IPActionAdjustmentCell.swift */ = {isa = PBXFileReference; fileEncoding = 4; lastKnownFileType = sourcecode.swift; path = IPActionAdjustmentCell.swift; sourceTree = "<group>"; };
		10B1B3041CE75F1800F41F5A /* IPActionAdjustmentCell.xib */ = {isa = PBXFileReference; fileEncoding = 4; lastKnownFileType = file.xib; path = IPActionAdjustmentCell.xib; sourceTree = "<group>"; };
		10B1B3061CE75F1800F41F5A /* IPhotoCollageManager.swift */ = {isa = PBXFileReference; fileEncoding = 4; lastKnownFileType = sourcecode.swift; path = IPhotoCollageManager.swift; sourceTree = "<group>"; };
		10B1B3071CE75F1800F41F5A /* PhotoCollage.json */ = {isa = PBXFileReference; fileEncoding = 4; lastKnownFileType = text.json; path = PhotoCollage.json; sourceTree = "<group>"; };
		10B1B3091CE75F1800F41F5A /* IPAnimation.swift */ = {isa = PBXFileReference; fileEncoding = 4; lastKnownFileType = sourcecode.swift; path = IPAnimation.swift; sourceTree = "<group>"; };
		10B1B30A1CE75F1800F41F5A /* IPhotoSliderView.swift */ = {isa = PBXFileReference; fileEncoding = 4; lastKnownFileType = sourcecode.swift; path = IPhotoSliderView.swift; sourceTree = "<group>"; };
		10B1B30B1CE75F1800F41F5A /* IPhotoSliderView.xib */ = {isa = PBXFileReference; fileEncoding = 4; lastKnownFileType = file.xib; path = IPhotoSliderView.xib; sourceTree = "<group>"; };
		10B1B30C1CE75F1800F41F5A /* IPSlider.swift */ = {isa = PBXFileReference; fileEncoding = 4; lastKnownFileType = sourcecode.swift; path = IPSlider.swift; sourceTree = "<group>"; };
		10B1B3231CE7B26000F41F5A /* HomeRouting.swift */ = {isa = PBXFileReference; fileEncoding = 4; lastKnownFileType = sourcecode.swift; path = HomeRouting.swift; sourceTree = "<group>"; };
		10B1B3311CE900E000F41F5A /* IPhotoCollageLayoutListView.swift */ = {isa = PBXFileReference; fileEncoding = 4; lastKnownFileType = sourcecode.swift; path = IPhotoCollageLayoutListView.swift; sourceTree = "<group>"; };
		10B1B3331CE900E800F41F5A /* IPhotoCollageLayoutListView.xib */ = {isa = PBXFileReference; fileEncoding = 4; lastKnownFileType = file.xib; path = IPhotoCollageLayoutListView.xib; sourceTree = "<group>"; };
		10B1B3351CE9015100F41F5A /* IPhotoCollageLayoutCell.swift */ = {isa = PBXFileReference; fileEncoding = 4; lastKnownFileType = sourcecode.swift; path = IPhotoCollageLayoutCell.swift; sourceTree = "<group>"; };
		10B1B3361CE9015100F41F5A /* IPhotoCollageLayoutCell.xib */ = {isa = PBXFileReference; fileEncoding = 4; lastKnownFileType = file.xib; path = IPhotoCollageLayoutCell.xib; sourceTree = "<group>"; };
		10B1B3641CEA4D5200F41F5A /* IPhotoCollageMainLayoutView.swift */ = {isa = PBXFileReference; fileEncoding = 4; lastKnownFileType = sourcecode.swift; path = IPhotoCollageMainLayoutView.swift; sourceTree = "<group>"; };
		10B1B3661CEA4D5B00F41F5A /* IPhotoCollageMainLayoutView.xib */ = {isa = PBXFileReference; fileEncoding = 4; lastKnownFileType = file.xib; path = IPhotoCollageMainLayoutView.xib; sourceTree = "<group>"; };
		10B1B3681CEA4DDC00F41F5A /* IPhotoCollageMainLayoutCell.swift */ = {isa = PBXFileReference; fileEncoding = 4; lastKnownFileType = sourcecode.swift; path = IPhotoCollageMainLayoutCell.swift; sourceTree = "<group>"; };
		10B1B3691CEA4DDC00F41F5A /* IPhotoCollageMainLayoutCell.xib */ = {isa = PBXFileReference; fileEncoding = 4; lastKnownFileType = file.xib; path = IPhotoCollageMainLayoutCell.xib; sourceTree = "<group>"; };
		10B1B36C1CEAB30000F41F5A /* IPaddingSliderView.swift */ = {isa = PBXFileReference; fileEncoding = 4; lastKnownFileType = sourcecode.swift; path = IPaddingSliderView.swift; sourceTree = "<group>"; };
		10B1B36F1CEAB31B00F41F5A /* IPaddingSliderView.xib */ = {isa = PBXFileReference; fileEncoding = 4; lastKnownFileType = file.xib; path = IPaddingSliderView.xib; sourceTree = "<group>"; };
		10B1B3AF1CEB559700F41F5A /* AJFCollectionViewWaterfallLayout.h */ = {isa = PBXFileReference; fileEncoding = 4; lastKnownFileType = sourcecode.c.h; path = AJFCollectionViewWaterfallLayout.h; sourceTree = "<group>"; };
		10B1B3B01CEB559700F41F5A /* AJFCollectionViewWaterfallLayout.m */ = {isa = PBXFileReference; fileEncoding = 4; lastKnownFileType = sourcecode.c.objc; path = AJFCollectionViewWaterfallLayout.m; sourceTree = "<group>"; };
		10B1B3B11CEB559700F41F5A /* AJFCollectionViewWaterfallLayoutDelegate.h */ = {isa = PBXFileReference; fileEncoding = 4; lastKnownFileType = sourcecode.c.h; path = AJFCollectionViewWaterfallLayoutDelegate.h; sourceTree = "<group>"; };
		1DDEC5867932DFD8A8B0B67B /* Pods-iPhoto.debug.xcconfig */ = {isa = PBXFileReference; includeInIndex = 1; lastKnownFileType = text.xcconfig; name = "Pods-iPhoto.debug.xcconfig"; path = "Pods/Target Support Files/Pods-iPhoto/Pods-iPhoto.debug.xcconfig"; sourceTree = "<group>"; };
		313C92A46E4DC7582C521AFC /* Pods-iPhoto.release.xcconfig */ = {isa = PBXFileReference; includeInIndex = 1; lastKnownFileType = text.xcconfig; name = "Pods-iPhoto.release.xcconfig"; path = "Pods/Target Support Files/Pods-iPhoto/Pods-iPhoto.release.xcconfig"; sourceTree = "<group>"; };
		74E9F89D73133F76458D4812 /* Pods_iPhoto.framework */ = {isa = PBXFileReference; explicitFileType = wrapper.framework; includeInIndex = 0; path = Pods_iPhoto.framework; sourceTree = BUILT_PRODUCTS_DIR; };
/* End PBXFileReference section */

/* Begin PBXFrameworksBuildPhase section */
		107F0F8D1CDD9F4F00D71814 /* Frameworks */ = {
			isa = PBXFrameworksBuildPhase;
			buildActionMask = 2147483647;
			files = (
				107F0FDD1CDE2D9C00D71814 /* QuartzCore.framework in Frameworks */,
				107F0FDB1CDE2D9500D71814 /* AVFoundation.framework in Frameworks */,
				107F0FD91CDE2D8B00D71814 /* OpenGLES.framework in Frameworks */,
				107F0FD71CDE2D8200D71814 /* CoreVideo.framework in Frameworks */,
				107F0FD51CDE2D7A00D71814 /* CoreMedia.framework in Frameworks */,
				13574242B18AE1DCBCFD845E /* Pods_iPhoto.framework in Frameworks */,
			);
			runOnlyForDeploymentPostprocessing = 0;
		};
		107F0FA11CDD9F5000D71814 /* Frameworks */ = {
			isa = PBXFrameworksBuildPhase;
			buildActionMask = 2147483647;
			files = (
			);
			runOnlyForDeploymentPostprocessing = 0;
		};
		107F0FAC1CDD9F5000D71814 /* Frameworks */ = {
			isa = PBXFrameworksBuildPhase;
			buildActionMask = 2147483647;
			files = (
			);
			runOnlyForDeploymentPostprocessing = 0;
		};
/* End PBXFrameworksBuildPhase section */

/* Begin PBXGroup section */
		100F12A11CE07CCF007ECE25 /* PhotoEdit */ = {
			isa = PBXGroup;
			children = (
				100F12A21CE07CED007ECE25 /* IPPhotoEditViewController.swift */,
			);
			name = PhotoEdit;
			path = EditScreen;
			sourceTree = "<group>";
		};
		1015306D1CDE6C5000C82413 /* Storyboard */ = {
			isa = PBXGroup;
			children = (
				1015306E1CDE6C5000C82413 /* LaunchScreen.storyboard */,
				1015306F1CDE6C5000C82413 /* Main.storyboard */,
				101530721CDE6C8200C82413 /* Photo.storyboard */,
				101530741CDE6CA800C82413 /* StoryBoardManager.swift */,
			);
			path = Storyboard;
			sourceTree = "<group>";
		};
		101530781CDE703B00C82413 /* HomeScreen */ = {
			isa = PBXGroup;
			children = (
				101530791CDE705900C82413 /* HomeViewController.swift */,
				10B1B3231CE7B26000F41F5A /* HomeRouting.swift */,
			);
			path = HomeScreen;
			sourceTree = "<group>";
		};
		107F0F871CDD9F4F00D71814 = {
			isa = PBXGroup;
			children = (
				107F0FDC1CDE2D9C00D71814 /* QuartzCore.framework */,
				107F0FDA1CDE2D9500D71814 /* AVFoundation.framework */,
				107F0FD81CDE2D8B00D71814 /* OpenGLES.framework */,
				107F0FD61CDE2D8200D71814 /* CoreVideo.framework */,
				107F0FD41CDE2D7A00D71814 /* CoreMedia.framework */,
				107F0F921CDD9F4F00D71814 /* iPhoto */,
				107F0FA71CDD9F5000D71814 /* iPhotoTests */,
				107F0FB21CDD9F5000D71814 /* iPhotoUITests */,
				107F0F911CDD9F4F00D71814 /* Products */,
				75AB4A19F35C529F67A4512C /* Pods */,
				D52A5EE861F8E8D01C2427E8 /* Frameworks */,
			);
			sourceTree = "<group>";
		};
		107F0F911CDD9F4F00D71814 /* Products */ = {
			isa = PBXGroup;
			children = (
				107F0F901CDD9F4F00D71814 /* iPhoto.app */,
				107F0FA41CDD9F5000D71814 /* iPhotoTests.xctest */,
				107F0FAF1CDD9F5000D71814 /* iPhotoUITests.xctest */,
			);
			name = Products;
			sourceTree = "<group>";
		};
		107F0F921CDD9F4F00D71814 /* iPhoto */ = {
			isa = PBXGroup;
			children = (
				107F0F931CDD9F4F00D71814 /* AppDelegate.swift */,
				10B1B2EF1CE75F1800F41F5A /* ILib */,
				10B1B2EC1CE65CE700F41F5A /* PhotoCollage */,
				100F12A11CE07CCF007ECE25 /* PhotoEdit */,
				101530781CDE703B00C82413 /* HomeScreen */,
				1015306D1CDE6C5000C82413 /* Storyboard */,
				107F0F9A1CDD9F4F00D71814 /* Assets.xcassets */,
				107F0F9F1CDD9F4F00D71814 /* Info.plist */,
				107F0FE11CDE3BE600D71814 /* iPhoto-Bridging-Header.h */,
			);
			path = iPhoto;
			sourceTree = "<group>";
		};
		107F0FA71CDD9F5000D71814 /* iPhotoTests */ = {
			isa = PBXGroup;
			children = (
				107F0FA81CDD9F5000D71814 /* iPhotoTests.swift */,
				107F0FAA1CDD9F5000D71814 /* Info.plist */,
			);
			path = iPhotoTests;
			sourceTree = "<group>";
		};
		107F0FB21CDD9F5000D71814 /* iPhotoUITests */ = {
			isa = PBXGroup;
			children = (
				107F0FB31CDD9F5000D71814 /* iPhotoUITests.swift */,
				107F0FB51CDD9F5000D71814 /* Info.plist */,
			);
			path = iPhotoUITests;
			sourceTree = "<group>";
		};
		10B1B2EC1CE65CE700F41F5A /* PhotoCollage */ = {
			isa = PBXGroup;
			children = (
				10B1B2ED1CE65D0500F41F5A /* IPhotoCollageViewController.swift */,
			);
			name = PhotoCollage;
			path = JoinPhoto;
			sourceTree = "<group>";
		};
		10B1B2EF1CE75F1800F41F5A /* ILib */ = {
			isa = PBXGroup;
			children = (
				10B1B2F01CE75F1800F41F5A /* GPUImageLib */,
				10B1B2F61CE75F1800F41F5A /* IOAssetPhoto */,
				10B1B3001CE75F1800F41F5A /* IPActionAdjust */,
				10B1B3051CE75F1800F41F5A /* IPhotoCollage */,
				10B1B3081CE75F1800F41F5A /* IPSlider */,
			);
			path = ILib;
			sourceTree = "<group>";
		};
		10B1B2F01CE75F1800F41F5A /* GPUImageLib */ = {
			isa = PBXGroup;
			children = (
				10B1B2F11CE75F1800F41F5A /* BlendingMode */,
				10B1B2F21CE75F1800F41F5A /* ColorAdjustment */,
				10B1B2F41CE75F1800F41F5A /* ImageProcessing */,
				10B1B2F51CE75F1800F41F5A /* VisualEffect */,
			);
			path = GPUImageLib;
			sourceTree = "<group>";
		};
		10B1B2F11CE75F1800F41F5A /* BlendingMode */ = {
			isa = PBXGroup;
			children = (
			);
			path = BlendingMode;
			sourceTree = "<group>";
		};
		10B1B2F21CE75F1800F41F5A /* ColorAdjustment */ = {
			isa = PBXGroup;
			children = (
				10B1B2F31CE75F1800F41F5A /* IPImageAdjustment.swift */,
			);
			path = ColorAdjustment;
			sourceTree = "<group>";
		};
		10B1B2F41CE75F1800F41F5A /* ImageProcessing */ = {
			isa = PBXGroup;
			children = (
			);
			path = ImageProcessing;
			sourceTree = "<group>";
		};
		10B1B2F51CE75F1800F41F5A /* VisualEffect */ = {
			isa = PBXGroup;
			children = (
			);
			path = VisualEffect;
			sourceTree = "<group>";
		};
		10B1B2F61CE75F1800F41F5A /* IOAssetPhoto */ = {
			isa = PBXGroup;
			children = (
				10B1B2F71CE75F1800F41F5A /* IOAssetPhotoCell.swift */,
				10B1B2F81CE75F1800F41F5A /* IOAssetPhotoCell.xib */,
				10B1B2F91CE75F1800F41F5A /* IOAssetPhotoEmptyView.swift */,
				10B1B2FA1CE75F1800F41F5A /* IOAssetPhotoEmptyView.xib */,
				10B1B2FB1CE75F1800F41F5A /* IOAssetPhotoNavigationController.swift */,
				10B1B2FC1CE75F1800F41F5A /* IOAssetPhotoViewController.swift */,
				10B1B2FD1CE75F1800F41F5A /* IOMenuCell.swift */,
				10B1B2FE1CE75F1800F41F5A /* IOMenuNavigationController.swift */,
				10B1B2FF1CE75F1800F41F5A /* IOMenuViewController.swift */,
			);
			path = IOAssetPhoto;
			sourceTree = "<group>";
		};
		10B1B3001CE75F1800F41F5A /* IPActionAdjust */ = {
			isa = PBXGroup;
			children = (
				10B1B3011CE75F1800F41F5A /* IPActionAdjustment.swift */,
				10B1B3021CE75F1800F41F5A /* IPActionAdjustment.xib */,
				10B1B3031CE75F1800F41F5A /* IPActionAdjustmentCell.swift */,
				10B1B3041CE75F1800F41F5A /* IPActionAdjustmentCell.xib */,
			);
			path = IPActionAdjust;
			sourceTree = "<group>";
		};
		10B1B3051CE75F1800F41F5A /* IPhotoCollage */ = {
			isa = PBXGroup;
			children = (
				10B1B3061CE75F1800F41F5A /* IPhotoCollageManager.swift */,
				10B1B3071CE75F1800F41F5A /* PhotoCollage.json */,
				10B1B36E1CEAB30600F41F5A /* PaddingSlider */,
				10B1B3521CE99BB200F41F5A /* CollageLayoutList */,
				10B1B3511CE99B7900F41F5A /* CollageViewLayout */,
			);
			path = IPhotoCollage;
			sourceTree = "<group>";
		};
		10B1B3081CE75F1800F41F5A /* IPSlider */ = {
			isa = PBXGroup;
			children = (
				10B1B30A1CE75F1800F41F5A /* IPhotoSliderView.swift */,
				10B1B30B1CE75F1800F41F5A /* IPhotoSliderView.xib */,
				10B1B30C1CE75F1800F41F5A /* IPSlider.swift */,
				10B1B3091CE75F1800F41F5A /* IPAnimation.swift */,
			);
			path = IPSlider;
			sourceTree = "<group>";
		};
		10B1B3511CE99B7900F41F5A /* CollageViewLayout */ = {
			isa = PBXGroup;
			children = (
				10B1B3641CEA4D5200F41F5A /* IPhotoCollageMainLayoutView.swift */,
				10B1B3661CEA4D5B00F41F5A /* IPhotoCollageMainLayoutView.xib */,
				10B1B3681CEA4DDC00F41F5A /* IPhotoCollageMainLayoutCell.swift */,
				10B1B3691CEA4DDC00F41F5A /* IPhotoCollageMainLayoutCell.xib */,
				10B1B3AF1CEB559700F41F5A /* AJFCollectionViewWaterfallLayout.h */,
				10B1B3B01CEB559700F41F5A /* AJFCollectionViewWaterfallLayout.m */,
				10B1B3B11CEB559700F41F5A /* AJFCollectionViewWaterfallLayoutDelegate.h */,
			);
			name = CollageViewLayout;
			sourceTree = "<group>";
		};
		10B1B3521CE99BB200F41F5A /* CollageLayoutList */ = {
			isa = PBXGroup;
			children = (
				10B1B3311CE900E000F41F5A /* IPhotoCollageLayoutListView.swift */,
				10B1B3331CE900E800F41F5A /* IPhotoCollageLayoutListView.xib */,
				10B1B3351CE9015100F41F5A /* IPhotoCollageLayoutCell.swift */,
				10B1B3361CE9015100F41F5A /* IPhotoCollageLayoutCell.xib */,
			);
			name = CollageLayoutList;
			sourceTree = "<group>";
		};
		10B1B36E1CEAB30600F41F5A /* PaddingSlider */ = {
			isa = PBXGroup;
			children = (
				10B1B36C1CEAB30000F41F5A /* IPaddingSliderView.swift */,
				10B1B36F1CEAB31B00F41F5A /* IPaddingSliderView.xib */,
			);
			name = PaddingSlider;
			sourceTree = "<group>";
		};
		75AB4A19F35C529F67A4512C /* Pods */ = {
			isa = PBXGroup;
			children = (
				1DDEC5867932DFD8A8B0B67B /* Pods-iPhoto.debug.xcconfig */,
				313C92A46E4DC7582C521AFC /* Pods-iPhoto.release.xcconfig */,
			);
			name = Pods;
			sourceTree = "<group>";
		};
		D52A5EE861F8E8D01C2427E8 /* Frameworks */ = {
			isa = PBXGroup;
			children = (
				74E9F89D73133F76458D4812 /* Pods_iPhoto.framework */,
			);
			name = Frameworks;
			sourceTree = "<group>";
		};
/* End PBXGroup section */

/* Begin PBXNativeTarget section */
		107F0F8F1CDD9F4F00D71814 /* iPhoto */ = {
			isa = PBXNativeTarget;
			buildConfigurationList = 107F0FB81CDD9F5000D71814 /* Build configuration list for PBXNativeTarget "iPhoto" */;
			buildPhases = (
				E4E780BA37DE3C3FDFCC2714 /* Check Pods Manifest.lock */,
				107F0F8C1CDD9F4F00D71814 /* Sources */,
				107F0F8D1CDD9F4F00D71814 /* Frameworks */,
				107F0F8E1CDD9F4F00D71814 /* Resources */,
				6650AE59D3EE346F820F5D30 /* Embed Pods Frameworks */,
				DF46D26238F951DC294AF074 /* Copy Pods Resources */,
			);
			buildRules = (
			);
			dependencies = (
			);
			name = iPhoto;
			productName = iPhoto;
			productReference = 107F0F901CDD9F4F00D71814 /* iPhoto.app */;
			productType = "com.apple.product-type.application";
		};
		107F0FA31CDD9F5000D71814 /* iPhotoTests */ = {
			isa = PBXNativeTarget;
			buildConfigurationList = 107F0FBB1CDD9F5000D71814 /* Build configuration list for PBXNativeTarget "iPhotoTests" */;
			buildPhases = (
				107F0FA01CDD9F5000D71814 /* Sources */,
				107F0FA11CDD9F5000D71814 /* Frameworks */,
				107F0FA21CDD9F5000D71814 /* Resources */,
			);
			buildRules = (
			);
			dependencies = (
				107F0FA61CDD9F5000D71814 /* PBXTargetDependency */,
			);
			name = iPhotoTests;
			productName = iPhotoTests;
			productReference = 107F0FA41CDD9F5000D71814 /* iPhotoTests.xctest */;
			productType = "com.apple.product-type.bundle.unit-test";
		};
		107F0FAE1CDD9F5000D71814 /* iPhotoUITests */ = {
			isa = PBXNativeTarget;
			buildConfigurationList = 107F0FBE1CDD9F5000D71814 /* Build configuration list for PBXNativeTarget "iPhotoUITests" */;
			buildPhases = (
				107F0FAB1CDD9F5000D71814 /* Sources */,
				107F0FAC1CDD9F5000D71814 /* Frameworks */,
				107F0FAD1CDD9F5000D71814 /* Resources */,
			);
			buildRules = (
			);
			dependencies = (
				107F0FB11CDD9F5000D71814 /* PBXTargetDependency */,
			);
			name = iPhotoUITests;
			productName = iPhotoUITests;
			productReference = 107F0FAF1CDD9F5000D71814 /* iPhotoUITests.xctest */;
			productType = "com.apple.product-type.bundle.ui-testing";
		};
/* End PBXNativeTarget section */

/* Begin PBXProject section */
		107F0F881CDD9F4F00D71814 /* Project object */ = {
			isa = PBXProject;
			attributes = {
				LastSwiftUpdateCheck = 0730;
				LastUpgradeCheck = 0730;
				ORGANIZATIONNAME = ngodacdu;
				TargetAttributes = {
					107F0F8F1CDD9F4F00D71814 = {
						CreatedOnToolsVersion = 7.3;
						DevelopmentTeam = PZ9NZA89U4;
					};
					107F0FA31CDD9F5000D71814 = {
						CreatedOnToolsVersion = 7.3;
						DevelopmentTeam = PZ9NZA89U4;
						TestTargetID = 107F0F8F1CDD9F4F00D71814;
					};
					107F0FAE1CDD9F5000D71814 = {
						CreatedOnToolsVersion = 7.3;
						DevelopmentTeam = PZ9NZA89U4;
						TestTargetID = 107F0F8F1CDD9F4F00D71814;
					};
				};
			};
			buildConfigurationList = 107F0F8B1CDD9F4F00D71814 /* Build configuration list for PBXProject "iPhoto" */;
			compatibilityVersion = "Xcode 3.2";
			developmentRegion = English;
			hasScannedForEncodings = 0;
			knownRegions = (
				en,
				Base,
			);
			mainGroup = 107F0F871CDD9F4F00D71814;
			productRefGroup = 107F0F911CDD9F4F00D71814 /* Products */;
			projectDirPath = "";
			projectRoot = "";
			targets = (
				107F0F8F1CDD9F4F00D71814 /* iPhoto */,
				107F0FA31CDD9F5000D71814 /* iPhotoTests */,
				107F0FAE1CDD9F5000D71814 /* iPhotoUITests */,
			);
		};
/* End PBXProject section */

/* Begin PBXResourcesBuildPhase section */
		107F0F8E1CDD9F4F00D71814 /* Resources */ = {
			isa = PBXResourcesBuildPhase;
			buildActionMask = 2147483647;
			files = (
				10B1B31C1CE75F1800F41F5A /* PhotoCollage.json in Resources */,
				101530711CDE6C5000C82413 /* Main.storyboard in Resources */,
				10B1B3701CEAB31B00F41F5A /* IPaddingSliderView.xib in Resources */,
				10B1B3181CE75F1800F41F5A /* IPActionAdjustment.xib in Resources */,
				10B1B31F1CE75F1800F41F5A /* IPhotoSliderView.xib in Resources */,
				101530731CDE6C8200C82413 /* Photo.storyboard in Resources */,
				10B1B36B1CEA4DDC00F41F5A /* IPhotoCollageMainLayoutCell.xib in Resources */,
				10B1B3341CE900E800F41F5A /* IPhotoCollageLayoutListView.xib in Resources */,
				10B1B3671CEA4D5B00F41F5A /* IPhotoCollageMainLayoutView.xib in Resources */,
				10B1B3111CE75F1800F41F5A /* IOAssetPhotoEmptyView.xib in Resources */,
				10B1B30F1CE75F1800F41F5A /* IOAssetPhotoCell.xib in Resources */,
				10B1B3381CE9015100F41F5A /* IPhotoCollageLayoutCell.xib in Resources */,
				101530701CDE6C5000C82413 /* LaunchScreen.storyboard in Resources */,
				10B1B31A1CE75F1800F41F5A /* IPActionAdjustmentCell.xib in Resources */,
				107F0F9B1CDD9F4F00D71814 /* Assets.xcassets in Resources */,
			);
			runOnlyForDeploymentPostprocessing = 0;
		};
		107F0FA21CDD9F5000D71814 /* Resources */ = {
			isa = PBXResourcesBuildPhase;
			buildActionMask = 2147483647;
			files = (
			);
			runOnlyForDeploymentPostprocessing = 0;
		};
		107F0FAD1CDD9F5000D71814 /* Resources */ = {
			isa = PBXResourcesBuildPhase;
			buildActionMask = 2147483647;
			files = (
			);
			runOnlyForDeploymentPostprocessing = 0;
		};
/* End PBXResourcesBuildPhase section */

/* Begin PBXShellScriptBuildPhase section */
		6650AE59D3EE346F820F5D30 /* Embed Pods Frameworks */ = {
			isa = PBXShellScriptBuildPhase;
			buildActionMask = 2147483647;
			files = (
			);
			inputPaths = (
			);
			name = "Embed Pods Frameworks";
			outputPaths = (
			);
			runOnlyForDeploymentPostprocessing = 0;
			shellPath = /bin/sh;
			shellScript = "\"${SRCROOT}/Pods/Target Support Files/Pods-iPhoto/Pods-iPhoto-frameworks.sh\"\n";
			showEnvVarsInLog = 0;
		};
		DF46D26238F951DC294AF074 /* Copy Pods Resources */ = {
			isa = PBXShellScriptBuildPhase;
			buildActionMask = 2147483647;
			files = (
			);
			inputPaths = (
			);
			name = "Copy Pods Resources";
			outputPaths = (
			);
			runOnlyForDeploymentPostprocessing = 0;
			shellPath = /bin/sh;
			shellScript = "\"${SRCROOT}/Pods/Target Support Files/Pods-iPhoto/Pods-iPhoto-resources.sh\"\n";
			showEnvVarsInLog = 0;
		};
		E4E780BA37DE3C3FDFCC2714 /* Check Pods Manifest.lock */ = {
			isa = PBXShellScriptBuildPhase;
			buildActionMask = 2147483647;
			files = (
			);
			inputPaths = (
			);
			name = "Check Pods Manifest.lock";
			outputPaths = (
			);
			runOnlyForDeploymentPostprocessing = 0;
			shellPath = /bin/sh;
			shellScript = "diff \"${PODS_ROOT}/../Podfile.lock\" \"${PODS_ROOT}/Manifest.lock\" > /dev/null\nif [[ $? != 0 ]] ; then\n    cat << EOM\nerror: The sandbox is not in sync with the Podfile.lock. Run 'pod install' or update your CocoaPods installation.\nEOM\n    exit 1\nfi\n";
			showEnvVarsInLog = 0;
		};
/* End PBXShellScriptBuildPhase section */

/* Begin PBXSourcesBuildPhase section */
		107F0F8C1CDD9F4F00D71814 /* Sources */ = {
			isa = PBXSourcesBuildPhase;
			buildActionMask = 2147483647;
			files = (
				10B1B3371CE9015100F41F5A /* IPhotoCollageLayoutCell.swift in Sources */,
				10B1B3131CE75F1800F41F5A /* IOAssetPhotoViewController.swift in Sources */,
				107F0F941CDD9F4F00D71814 /* AppDelegate.swift in Sources */,
				10B1B31E1CE75F1800F41F5A /* IPhotoSliderView.swift in Sources */,
				10B1B30E1CE75F1800F41F5A /* IOAssetPhotoCell.swift in Sources */,
				10B1B3121CE75F1800F41F5A /* IOAssetPhotoNavigationController.swift in Sources */,
				10B1B31B1CE75F1800F41F5A /* IPhotoCollageManager.swift in Sources */,
				10B1B3B21CEB559700F41F5A /* AJFCollectionViewWaterfallLayout.m in Sources */,
				10B1B3101CE75F1800F41F5A /* IOAssetPhotoEmptyView.swift in Sources */,
				10B1B36D1CEAB30000F41F5A /* IPaddingSliderView.swift in Sources */,
				101530751CDE6CA800C82413 /* StoryBoardManager.swift in Sources */,
				10B1B3201CE75F1800F41F5A /* IPSlider.swift in Sources */,
				10B1B3161CE75F1800F41F5A /* IOMenuViewController.swift in Sources */,
				10B1B3151CE75F1800F41F5A /* IOMenuNavigationController.swift in Sources */,
				10B1B3191CE75F1800F41F5A /* IPActionAdjustmentCell.swift in Sources */,
				100F12A31CE07CED007ECE25 /* IPPhotoEditViewController.swift in Sources */,
				10B1B3321CE900E000F41F5A /* IPhotoCollageLayoutListView.swift in Sources */,
				10B1B3651CEA4D5200F41F5A /* IPhotoCollageMainLayoutView.swift in Sources */,
				10B1B2EE1CE65D0500F41F5A /* IPhotoCollageViewController.swift in Sources */,
				10B1B31D1CE75F1800F41F5A /* IPAnimation.swift in Sources */,
				10B1B3171CE75F1800F41F5A /* IPActionAdjustment.swift in Sources */,
				10B1B36A1CEA4DDC00F41F5A /* IPhotoCollageMainLayoutCell.swift in Sources */,
				10B1B3141CE75F1800F41F5A /* IOMenuCell.swift in Sources */,
				10B1B3241CE7B26000F41F5A /* HomeRouting.swift in Sources */,
				10B1B30D1CE75F1800F41F5A /* IPImageAdjustment.swift in Sources */,
				1015307A1CDE705900C82413 /* HomeViewController.swift in Sources */,
			);
			runOnlyForDeploymentPostprocessing = 0;
		};
		107F0FA01CDD9F5000D71814 /* Sources */ = {
			isa = PBXSourcesBuildPhase;
			buildActionMask = 2147483647;
			files = (
				107F0FA91CDD9F5000D71814 /* iPhotoTests.swift in Sources */,
			);
			runOnlyForDeploymentPostprocessing = 0;
		};
		107F0FAB1CDD9F5000D71814 /* Sources */ = {
			isa = PBXSourcesBuildPhase;
			buildActionMask = 2147483647;
			files = (
				107F0FB41CDD9F5000D71814 /* iPhotoUITests.swift in Sources */,
			);
			runOnlyForDeploymentPostprocessing = 0;
		};
/* End PBXSourcesBuildPhase section */

/* Begin PBXTargetDependency section */
		107F0FA61CDD9F5000D71814 /* PBXTargetDependency */ = {
			isa = PBXTargetDependency;
			target = 107F0F8F1CDD9F4F00D71814 /* iPhoto */;
			targetProxy = 107F0FA51CDD9F5000D71814 /* PBXContainerItemProxy */;
		};
		107F0FB11CDD9F5000D71814 /* PBXTargetDependency */ = {
			isa = PBXTargetDependency;
			target = 107F0F8F1CDD9F4F00D71814 /* iPhoto */;
			targetProxy = 107F0FB01CDD9F5000D71814 /* PBXContainerItemProxy */;
		};
/* End PBXTargetDependency section */

/* Begin XCBuildConfiguration section */
		107F0FB61CDD9F5000D71814 /* Debug */ = {
			isa = XCBuildConfiguration;
			buildSettings = {
				ALWAYS_SEARCH_USER_PATHS = NO;
				CLANG_ANALYZER_NONNULL = YES;
				CLANG_CXX_LANGUAGE_STANDARD = "gnu++0x";
				CLANG_CXX_LIBRARY = "libc++";
				CLANG_ENABLE_MODULES = YES;
				CLANG_ENABLE_OBJC_ARC = YES;
				CLANG_WARN_BOOL_CONVERSION = YES;
				CLANG_WARN_CONSTANT_CONVERSION = YES;
				CLANG_WARN_DIRECT_OBJC_ISA_USAGE = YES_ERROR;
				CLANG_WARN_EMPTY_BODY = YES;
				CLANG_WARN_ENUM_CONVERSION = YES;
				CLANG_WARN_INT_CONVERSION = YES;
				CLANG_WARN_OBJC_ROOT_CLASS = YES_ERROR;
				CLANG_WARN_UNREACHABLE_CODE = YES;
				CLANG_WARN__DUPLICATE_METHOD_MATCH = YES;
				"CODE_SIGN_IDENTITY[sdk=iphoneos*]" = "iPhone Developer";
				COPY_PHASE_STRIP = NO;
				DEBUG_INFORMATION_FORMAT = dwarf;
				ENABLE_STRICT_OBJC_MSGSEND = YES;
				ENABLE_TESTABILITY = YES;
				GCC_C_LANGUAGE_STANDARD = gnu99;
				GCC_DYNAMIC_NO_PIC = NO;
				GCC_NO_COMMON_BLOCKS = YES;
				GCC_OPTIMIZATION_LEVEL = 0;
				GCC_PREPROCESSOR_DEFINITIONS = (
					"DEBUG=1",
					"$(inherited)",
				);
				GCC_WARN_64_TO_32_BIT_CONVERSION = YES;
				GCC_WARN_ABOUT_RETURN_TYPE = YES_ERROR;
				GCC_WARN_UNDECLARED_SELECTOR = YES;
				GCC_WARN_UNINITIALIZED_AUTOS = YES_AGGRESSIVE;
				GCC_WARN_UNUSED_FUNCTION = YES;
				GCC_WARN_UNUSED_VARIABLE = YES;
				IPHONEOS_DEPLOYMENT_TARGET = 9.3;
				MTL_ENABLE_DEBUG_INFO = YES;
				ONLY_ACTIVE_ARCH = YES;
				SDKROOT = iphoneos;
				SWIFT_OPTIMIZATION_LEVEL = "-Onone";
			};
			name = Debug;
		};
		107F0FB71CDD9F5000D71814 /* Release */ = {
			isa = XCBuildConfiguration;
			buildSettings = {
				ALWAYS_SEARCH_USER_PATHS = NO;
				CLANG_ANALYZER_NONNULL = YES;
				CLANG_CXX_LANGUAGE_STANDARD = "gnu++0x";
				CLANG_CXX_LIBRARY = "libc++";
				CLANG_ENABLE_MODULES = YES;
				CLANG_ENABLE_OBJC_ARC = YES;
				CLANG_WARN_BOOL_CONVERSION = YES;
				CLANG_WARN_CONSTANT_CONVERSION = YES;
				CLANG_WARN_DIRECT_OBJC_ISA_USAGE = YES_ERROR;
				CLANG_WARN_EMPTY_BODY = YES;
				CLANG_WARN_ENUM_CONVERSION = YES;
				CLANG_WARN_INT_CONVERSION = YES;
				CLANG_WARN_OBJC_ROOT_CLASS = YES_ERROR;
				CLANG_WARN_UNREACHABLE_CODE = YES;
				CLANG_WARN__DUPLICATE_METHOD_MATCH = YES;
				"CODE_SIGN_IDENTITY[sdk=iphoneos*]" = "iPhone Developer";
				COPY_PHASE_STRIP = NO;
				DEBUG_INFORMATION_FORMAT = "dwarf-with-dsym";
				ENABLE_NS_ASSERTIONS = NO;
				ENABLE_STRICT_OBJC_MSGSEND = YES;
				GCC_C_LANGUAGE_STANDARD = gnu99;
				GCC_NO_COMMON_BLOCKS = YES;
				GCC_WARN_64_TO_32_BIT_CONVERSION = YES;
				GCC_WARN_ABOUT_RETURN_TYPE = YES_ERROR;
				GCC_WARN_UNDECLARED_SELECTOR = YES;
				GCC_WARN_UNINITIALIZED_AUTOS = YES_AGGRESSIVE;
				GCC_WARN_UNUSED_FUNCTION = YES;
				GCC_WARN_UNUSED_VARIABLE = YES;
				IPHONEOS_DEPLOYMENT_TARGET = 9.3;
				MTL_ENABLE_DEBUG_INFO = NO;
				SDKROOT = iphoneos;
				VALIDATE_PRODUCT = YES;
			};
			name = Release;
		};
		107F0FB91CDD9F5000D71814 /* Debug */ = {
			isa = XCBuildConfiguration;
			baseConfigurationReference = 1DDEC5867932DFD8A8B0B67B /* Pods-iPhoto.debug.xcconfig */;
			buildSettings = {
				ASSETCATALOG_COMPILER_APPICON_NAME = AppIcon;
				INFOPLIST_FILE = iPhoto/Info.plist;
				IPHONEOS_DEPLOYMENT_TARGET = 8.0;
				LD_RUNPATH_SEARCH_PATHS = "$(inherited) @executable_path/Frameworks";
				PRODUCT_BUNDLE_IDENTIFIER = com.framgia.Color;
				PRODUCT_NAME = "$(TARGET_NAME)";
				SWIFT_OBJC_BRIDGING_HEADER = "$(SRCROOT)/iPhoto-Bridging-Header.h";
			};
			name = Debug;
		};
		107F0FBA1CDD9F5000D71814 /* Release */ = {
			isa = XCBuildConfiguration;
			baseConfigurationReference = 313C92A46E4DC7582C521AFC /* Pods-iPhoto.release.xcconfig */;
			buildSettings = {
				ASSETCATALOG_COMPILER_APPICON_NAME = AppIcon;
				INFOPLIST_FILE = iPhoto/Info.plist;
				IPHONEOS_DEPLOYMENT_TARGET = 8.0;
				LD_RUNPATH_SEARCH_PATHS = "$(inherited) @executable_path/Frameworks";
				PRODUCT_BUNDLE_IDENTIFIER = com.framgia.Color;
				PRODUCT_NAME = "$(TARGET_NAME)";
				SWIFT_OBJC_BRIDGING_HEADER = "$(SRCROOT)/iPhoto-Bridging-Header.h";
			};
			name = Release;
		};
		107F0FBC1CDD9F5000D71814 /* Debug */ = {
			isa = XCBuildConfiguration;
			buildSettings = {
				BUNDLE_LOADER = "$(TEST_HOST)";
				INFOPLIST_FILE = iPhotoTests/Info.plist;
				LD_RUNPATH_SEARCH_PATHS = "$(inherited) @executable_path/Frameworks @loader_path/Frameworks";
				PRODUCT_BUNDLE_IDENTIFIER = framgia.iPhotoTests;
				PRODUCT_NAME = "$(TARGET_NAME)";
				TEST_HOST = "$(BUILT_PRODUCTS_DIR)/iPhoto.app/iPhoto";
			};
			name = Debug;
		};
		107F0FBD1CDD9F5000D71814 /* Release */ = {
			isa = XCBuildConfiguration;
			buildSettings = {
				BUNDLE_LOADER = "$(TEST_HOST)";
				INFOPLIST_FILE = iPhotoTests/Info.plist;
				LD_RUNPATH_SEARCH_PATHS = "$(inherited) @executable_path/Frameworks @loader_path/Frameworks";
				PRODUCT_BUNDLE_IDENTIFIER = framgia.iPhotoTests;
				PRODUCT_NAME = "$(TARGET_NAME)";
				TEST_HOST = "$(BUILT_PRODUCTS_DIR)/iPhoto.app/iPhoto";
			};
			name = Release;
		};
		107F0FBF1CDD9F5000D71814 /* Debug */ = {
			isa = XCBuildConfiguration;
			buildSettings = {
				INFOPLIST_FILE = iPhotoUITests/Info.plist;
				LD_RUNPATH_SEARCH_PATHS = "$(inherited) @executable_path/Frameworks @loader_path/Frameworks";
				PRODUCT_BUNDLE_IDENTIFIER = framgia.iPhotoUITests;
				PRODUCT_NAME = "$(TARGET_NAME)";
				TEST_TARGET_NAME = iPhoto;
			};
			name = Debug;
		};
		107F0FC01CDD9F5000D71814 /* Release */ = {
			isa = XCBuildConfiguration;
			buildSettings = {
				INFOPLIST_FILE = iPhotoUITests/Info.plist;
				LD_RUNPATH_SEARCH_PATHS = "$(inherited) @executable_path/Frameworks @loader_path/Frameworks";
				PRODUCT_BUNDLE_IDENTIFIER = framgia.iPhotoUITests;
				PRODUCT_NAME = "$(TARGET_NAME)";
				TEST_TARGET_NAME = iPhoto;
			};
			name = Release;
		};
/* End XCBuildConfiguration section */

/* Begin XCConfigurationList section */
		107F0F8B1CDD9F4F00D71814 /* Build configuration list for PBXProject "iPhoto" */ = {
			isa = XCConfigurationList;
			buildConfigurations = (
				107F0FB61CDD9F5000D71814 /* Debug */,
				107F0FB71CDD9F5000D71814 /* Release */,
			);
			defaultConfigurationIsVisible = 0;
			defaultConfigurationName = Release;
		};
		107F0FB81CDD9F5000D71814 /* Build configuration list for PBXNativeTarget "iPhoto" */ = {
			isa = XCConfigurationList;
			buildConfigurations = (
				107F0FB91CDD9F5000D71814 /* Debug */,
				107F0FBA1CDD9F5000D71814 /* Release */,
			);
			defaultConfigurationIsVisible = 0;
			defaultConfigurationName = Release;
		};
		107F0FBB1CDD9F5000D71814 /* Build configuration list for PBXNativeTarget "iPhotoTests" */ = {
			isa = XCConfigurationList;
			buildConfigurations = (
				107F0FBC1CDD9F5000D71814 /* Debug */,
				107F0FBD1CDD9F5000D71814 /* Release */,
			);
			defaultConfigurationIsVisible = 0;
			defaultConfigurationName = Release;
		};
		107F0FBE1CDD9F5000D71814 /* Build configuration list for PBXNativeTarget "iPhotoUITests" */ = {
			isa = XCConfigurationList;
			buildConfigurations = (
				107F0FBF1CDD9F5000D71814 /* Debug */,
				107F0FC01CDD9F5000D71814 /* Release */,
			);
			defaultConfigurationIsVisible = 0;
			defaultConfigurationName = Release;
		};
/* End XCConfigurationList section */
	};
	rootObject = 107F0F881CDD9F4F00D71814 /* Project object */;
}
